
Microsoft Visual Studio Solution File, Format Version 12.00
# Visual Studio 14
VisualStudioVersion = 14.0.25420.1
MinimumVisualStudioVersion = 10.0.40219.1
Project("{FAE04EC0-301F-11D3-BF4B-00C04F79EFBC}") = "Remute", "Remute\Remute.csproj", "{5134BFCC-9B49-4A37-A263-05C7F8B95867}"
EndProject
Project("{FAE04EC0-301F-11D3-BF4B-00C04F79EFBC}") = "Remute.Tests", "Remute.Tests\Remute.Tests.csproj", "{65BBBF93-42D6-4F82-B7AB-8E8519038FEB}"
EndProject
Global
	GlobalSection(SolutionConfigurationPlatforms) = preSolution
		Debug|Any CPU = Debug|Any CPU
		Release|Any CPU = Release|Any CPU
	EndGlobalSection
	GlobalSection(ProjectConfigurationPlatforms) = postSolution
		{5134BFCC-9B49-4A37-A263-05C7F8B95867}.Debug|Any CPU.ActiveCfg = Debug|Any CPU
		{5134BFCC-9B49-4A37-A263-05C7F8B95867}.Debug|Any CPU.Build.0 = Debug|Any CPU
		{5134BFCC-9B49-4A37-A263-05C7F8B95867}.Release|Any CPU.ActiveCfg = Release|Any CPU
		{5134BFCC-9B49-4A37-A263-05C7F8B95867}.Release|Any CPU.Build.0 = Release|Any CPU
		{65BBBF93-42D6-4F82-B7AB-8E8519038FEB}.Debug|Any CPU.ActiveCfg = Debug|Any CPU
		{65BBBF93-42D6-4F82-B7AB-8E8519038FEB}.Debug|Any CPU.Build.0 = Debug|Any CPU
		{65BBBF93-42D6-4F82-B7AB-8E8519038FEB}.Release|Any CPU.ActiveCfg = Release|Any CPU
		{65BBBF93-42D6-4F82-B7AB-8E8519038FEB}.Release|Any CPU.Build.0 = Release|Any CPU
	EndGlobalSection
	GlobalSection(SolutionProperties) = preSolution
		HideSolutionNode = FALSE
	EndGlobalSection
EndGlobal
